<?xml version="1.0" encoding="utf-8"?>
<Project ToolsVersion="4.0" xmlns="http://schemas.microsoft.com/developer/msbuild/2003">
  <ItemGroup>
    <Filter Include="Source Files">
      <UniqueIdentifier>{4FC737F1-C7A5-4376-A066-2A32D752A2FF}</UniqueIdentifier>
      <Extensions>cpp;c;cc;cxx;def;odl;idl;hpj;bat;asm;asmx</Extensions>
    </Filter>
    <Filter Include="Header Files">
      <UniqueIdentifier>{93995380-89BD-4b04-88EB-625FBE52EBFB}</UniqueIdentifier>
      <Extensions>h;hh;hpp;hxx;hm;inl;inc;xsd</Extensions>
    </Filter>
    <Filter Include="Resource Files">
      <UniqueIdentifier>{67DA6AB6-F800-4c08-8B7A-83BB121AAD01}</UniqueIdentifier>
      <Extensions>rc;ico;cur;bmp;dlg;rc2;rct;bin;rgs;gif;jpg;jpeg;jpe;resx;tiff;tif;png;wav;mfcribbon-ms</Extensions>
    </Filter>
  </ItemGroup>
  <ItemGroup>
    <ClCompile Include="Entry.c">
      <Filter>Source Files</Filter>
    </ClCompile>
    <ClCompile Include="DebugScene.c">
      <Filter>Source Files</Filter>
    </ClCompile>
    <ClCompile Include="Core.c">
      <Filter>Source Files</Filter>
    </ClCompile>
    <ClCompile Include="Camera.c">
      <Filter>Source Files</Filter>
    </ClCompile>
    <ClCompile Include="Sampler.c">
      <Filter>Source Files</Filter>
    </ClCompile>
    <ClCompile Include="UniformMarchingCubes.c">
      <Filter>Source Files</Filter>
    </ClCompile>
    <ClCompile Include="OpenSimplexNoise.c">
      <Filter>Source Files</Filter>
    </ClCompile>
    <ClCompile Include="Tetrahedron.c">
      <Filter>Source Files</Filter>
    </ClCompile>
    <ClCompile Include="THierarchy.c">
      <Filter>Source Files</Filter>
    </ClCompile>
    <ClCompile Include="MemoryPool.c">
      <Filter>Source Files</Filter>
    </ClCompile>
    <ClCompile Include="Hexahedron.c">
      <Filter>Source Files</Filter>
    </ClCompile>
  </ItemGroup>
  <ItemGroup>
    <ClInclude Include="VoxelScene.h">
      <Filter>Header Files</Filter>
    </ClInclude>
    <ClInclude Include="DebugScene.h">
      <Filter>Header Files</Filter>
    </ClInclude>
    <ClInclude Include="Core.h">
      <Filter>Header Files</Filter>
    </ClInclude>
    <ClInclude Include="Camera.h">
      <Filter>Header Files</Filter>
    </ClInclude>
    <ClInclude Include="Util.h">
      <Filter>Header Files</Filter>
    </ClInclude>
    <ClInclude Include="Sampler.h">
      <Filter>Header Files</Filter>
    </ClInclude>
    <ClInclude Include="UniformMarchingCubes.h">
      <Filter>Header Files</Filter>
    </ClInclude>
    <ClInclude Include="MCTable.h">
      <Filter>Header Files</Filter>
    </ClInclude>
    <ClInclude Include="MortonCoding.h">
      <Filter>Header Files</Filter>
    </ClInclude>
    <ClInclude Include="OpenSimplexNoise.h">
      <Filter>Header Files</Filter>
    </ClInclude>
    <ClInclude Include="Tetrahedron.h">
      <Filter>Header Files</Filter>
    </ClInclude>
    <ClInclude Include="Options.h">
      <Filter>Header Files</Filter>
    </ClInclude>
    <ClInclude Include="TetrahedronTable.h">
      <Filter>Header Files</Filter>
    </ClInclude>
    <ClInclude Include="Hashmap.h">
      <Filter>Header Files</Filter>
    </ClInclude>
    <ClInclude Include="THierarchy.h">
      <Filter>Header Files</Filter>
    </ClInclude>
    <ClInclude Include="MemoryPool.h">
      <Filter>Header Files</Filter>
    </ClInclude>
    <ClInclude Include="Hexahedron.h">
      <Filter>Header Files</Filter>
    </ClInclude>
    <ClInclude Include="DebugHeader.h">
      <Filter>Header Files</Filter>
    </ClInclude>
    <ClInclude Include="nuklear.h">
      <Filter>Header Files</Filter>
    </ClInclude>
    <ClInclude Include="nuklear_glfw_gl3.h">
      <Filter>Header Files</Filter>
    </ClInclude>
    <ClInclude Include="nuklear_styles.h">
      <Filter>Header Files</Filter>
    </ClInclude>
  </ItemGroup>
</Project>